
Microsoft Visual Studio Solution File, Format Version 12.00
# Visual Studio 14
VisualStudioVersion = 14.0.25420.1
MinimumVisualStudioVersion = 10.0.40219.1
Project("{FAE04EC0-301F-11D3-BF4B-00C04F79EFBC}") = "Shapes", "Shapes\Shapes.csproj", "{B10FBB97-4E59-43A7-A428-DE6D2DE542FE}"
EndProject
Project("{2150E333-8FDC-42A3-9474-1A3956D46DE8}") = "Solution Items", "Solution Items", "{CFC0719A-1DEC-4F41-91B9-19ED60333CF8}"
	ProjectSection(SolutionItems) = preProject
		..\..\..\..\Desktop\Magdalena\Photos\circle.jpg = ..\..\..\..\Desktop\Magdalena\Photos\circle.jpg
	EndProjectSection
EndProject
Global
	GlobalSection(SolutionConfigurationPlatforms) = preSolution
		Debug|Any CPU = Debug|Any CPU
		Debug|x64 = Debug|x64
		Debug|x86 = Debug|x86
		Release|Any CPU = Release|Any CPU
		Release|x64 = Release|x64
		Release|x86 = Release|x86
	EndGlobalSection
	GlobalSection(ProjectConfigurationPlatforms) = postSolution
		{B10FBB97-4E59-43A7-A428-DE6D2DE542FE}.Debug|Any CPU.ActiveCfg = Debug|Any CPU
		{B10FBB97-4E59-43A7-A428-DE6D2DE542FE}.Debug|Any CPU.Build.0 = Debug|Any CPU
		{B10FBB97-4E59-43A7-A428-DE6D2DE542FE}.Debug|x64.ActiveCfg = Debug|x64
		{B10FBB97-4E59-43A7-A428-DE6D2DE542FE}.Debug|x64.Build.0 = Debug|x64
		{B10FBB97-4E59-43A7-A428-DE6D2DE542FE}.Debug|x86.ActiveCfg = Debug|x86
		{B10FBB97-4E59-43A7-A428-DE6D2DE542FE}.Debug|x86.Build.0 = Debug|x86
		{B10FBB97-4E59-43A7-A428-DE6D2DE542FE}.Release|Any CPU.ActiveCfg = Release|Any CPU
		{B10FBB97-4E59-43A7-A428-DE6D2DE542FE}.Release|Any CPU.Build.0 = Release|Any CPU
		{B10FBB97-4E59-43A7-A428-DE6D2DE542FE}.Release|x64.ActiveCfg = Release|x64
		{B10FBB97-4E59-43A7-A428-DE6D2DE542FE}.Release|x64.Build.0 = Release|x64
		{B10FBB97-4E59-43A7-A428-DE6D2DE542FE}.Release|x86.ActiveCfg = Release|x86
		{B10FBB97-4E59-43A7-A428-DE6D2DE542FE}.Release|x86.Build.0 = Release|x86
	EndGlobalSection
	GlobalSection(SolutionProperties) = preSolution
		HideSolutionNode = FALSE
	EndGlobalSection
EndGlobal
